// !$*UTF8*$!
{
	archiveVersion = 1;
	classes = {
	};
	objectVersion = 46;
	objects = {

/* Begin PBXBuildFile section */
		2D15B17C1F9A0537007C36F8 /* NSString+WQRegxKit.m in Sources */ = {isa = PBXBuildFile; fileRef = 2D15B17B1F9A0537007C36F8 /* NSString+WQRegxKit.m */; };
		5FF96E2F9F446AC6D5D96E60 /* libPods-WQBaseDemo.a in Frameworks */ = {isa = PBXBuildFile; fileRef = D23D83C88D71E647166B0F27 /* libPods-WQBaseDemo.a */; };
		DE0A01631ED2BE490054DD17 /* main.m in Sources */ = {isa = PBXBuildFile; fileRef = DE0A01621ED2BE490054DD17 /* main.m */; };
		DE0A01661ED2BE490054DD17 /* AppDelegate.m in Sources */ = {isa = PBXBuildFile; fileRef = DE0A01651ED2BE490054DD17 /* AppDelegate.m */; };
		DE0A01691ED2BE490054DD17 /* ViewController.m in Sources */ = {isa = PBXBuildFile; fileRef = DE0A01681ED2BE490054DD17 /* ViewController.m */; };
		DE0A016C1ED2BE490054DD17 /* Main.storyboard in Resources */ = {isa = PBXBuildFile; fileRef = DE0A016A1ED2BE490054DD17 /* Main.storyboard */; };
		DE0A016F1ED2BE490054DD17 /* WQBaseDemo.xcdatamodeld in Sources */ = {isa = PBXBuildFile; fileRef = DE0A016D1ED2BE490054DD17 /* WQBaseDemo.xcdatamodeld */; };
		DE0A01711ED2BE490054DD17 /* Assets.xcassets in Resources */ = {isa = PBXBuildFile; fileRef = DE0A01701ED2BE490054DD17 /* Assets.xcassets */; };
		DE0A01741ED2BE490054DD17 /* LaunchScreen.storyboard in Resources */ = {isa = PBXBuildFile; fileRef = DE0A01721ED2BE490054DD17 /* LaunchScreen.storyboard */; };
		DE0A01DD1ED2BEDA0054DD17 /* NSDate+WQFormat.m in Sources */ = {isa = PBXBuildFile; fileRef = DE0A017F1ED2BEDA0054DD17 /* NSDate+WQFormat.m */; };
		DE0A01DE1ED2BEDA0054DD17 /* NSDate+WQHandle.m in Sources */ = {isa = PBXBuildFile; fileRef = DE0A01811ED2BEDA0054DD17 /* NSDate+WQHandle.m */; };
		DE0A01DF1ED2BEDA0054DD17 /* NSDate+WQHelp.m in Sources */ = {isa = PBXBuildFile; fileRef = DE0A01831ED2BEDA0054DD17 /* NSDate+WQHelp.m */; };
		DE0A01E01ED2BEDA0054DD17 /* NSString+WQBridgeFormat.m in Sources */ = {isa = PBXBuildFile; fileRef = DE0A01851ED2BEDA0054DD17 /* NSString+WQBridgeFormat.m */; };
		DE0A01E11ED2BEDA0054DD17 /* NSString+WQDate.m in Sources */ = {isa = PBXBuildFile; fileRef = DE0A01871ED2BEDA0054DD17 /* NSString+WQDate.m */; };
		DE0A01E31ED2BEDA0054DD17 /* WQDateFormater.m in Sources */ = {isa = PBXBuildFile; fileRef = DE0A018B1ED2BEDA0054DD17 /* WQDateFormater.m */; };
		DE0A01E41ED2BEDA0054DD17 /* NSFileManager+WQPath.m in Sources */ = {isa = PBXBuildFile; fileRef = DE0A018E1ED2BEDA0054DD17 /* NSFileManager+WQPath.m */; };
		DE0A01E81ED2BEDA0054DD17 /* NSDate+Utilities.m in Sources */ = {isa = PBXBuildFile; fileRef = DE0A01981ED2BEDA0054DD17 /* NSDate+Utilities.m */; };
		DE0A01EC1ED2BEDA0054DD17 /* WQDynamicObject.m in Sources */ = {isa = PBXBuildFile; fileRef = DE0A01A21ED2BEDA0054DD17 /* WQDynamicObject.m */; };
		DE0A01EE1ED2BEDA0054DD17 /* RuntimeKit.m in Sources */ = {isa = PBXBuildFile; fileRef = DE0A01A71ED2BEDA0054DD17 /* RuntimeKit.m */; };
		DE0A01EF1ED2BEDA0054DD17 /* WQAppInfo.m in Sources */ = {isa = PBXBuildFile; fileRef = DE0A01A91ED2BEDA0054DD17 /* WQAppInfo.m */; };
		DE0A01F01ED2BEDA0054DD17 /* WQCache.m in Sources */ = {isa = PBXBuildFile; fileRef = DE0A01AB1ED2BEDA0054DD17 /* WQCache.m */; };
		DE0A01F31ED2BEDA0054DD17 /* WQBaseAPI.m in Sources */ = {isa = PBXBuildFile; fileRef = DE0A01B31ED2BEDA0054DD17 /* WQBaseAPI.m */; };
		DE0A01F41ED2BEDA0054DD17 /* WQHttpTool.m in Sources */ = {isa = PBXBuildFile; fileRef = DE0A01B51ED2BEDA0054DD17 /* WQHttpTool.m */; };
		DE0A02841ED2C7060054DD17 /* libsqlite3.tbd in Frameworks */ = {isa = PBXBuildFile; fileRef = DE0A02831ED2C7060054DD17 /* libsqlite3.tbd */; };
		DE0A02861ED2C7170054DD17 /* CoreMotion.framework in Frameworks */ = {isa = PBXBuildFile; fileRef = DE0A02851ED2C7170054DD17 /* CoreMotion.framework */; };
		DE0A02891ED2C7290054DD17 /* CoreTelephony.framework in Frameworks */ = {isa = PBXBuildFile; fileRef = DE0A02871ED2C7290054DD17 /* CoreTelephony.framework */; };
		DE0A028A1ED2C7290054DD17 /* CoreText.framework in Frameworks */ = {isa = PBXBuildFile; fileRef = DE0A02881ED2C7290054DD17 /* CoreText.framework */; };
		DE0A028C1ED2C7360054DD17 /* CoreGraphics.framework in Frameworks */ = {isa = PBXBuildFile; fileRef = DE0A028B1ED2C7360054DD17 /* CoreGraphics.framework */; };
		DE0A028E1ED2C7430054DD17 /* SystemConfiguration.framework in Frameworks */ = {isa = PBXBuildFile; fileRef = DE0A028D1ED2C7430054DD17 /* SystemConfiguration.framework */; };
		DE0A02901ED2C7490054DD17 /* CFNetwork.framework in Frameworks */ = {isa = PBXBuildFile; fileRef = DE0A028F1ED2C7490054DD17 /* CFNetwork.framework */; };
		DE0A02921ED2C7520054DD17 /* libc++.tbd in Frameworks */ = {isa = PBXBuildFile; fileRef = DE0A02911ED2C7520054DD17 /* libc++.tbd */; };
		DE0A02941ED2C7600054DD17 /* libz.tbd in Frameworks */ = {isa = PBXBuildFile; fileRef = DE0A02931ED2C7600054DD17 /* libz.tbd */; };
		DE35FA7A1F160D88008E9653 /* NSError+WQUtilities.m in Sources */ = {isa = PBXBuildFile; fileRef = DE35FA791F160D88008E9653 /* NSError+WQUtilities.m */; };
		DE39F02F1F15BD880091EB05 /* SubCoderObject.m in Sources */ = {isa = PBXBuildFile; fileRef = DE39F02E1F15BD880091EB05 /* SubCoderObject.m */; };
		DE5AFF3D1F0DE0A200A3EB92 /* WQProperty.m in Sources */ = {isa = PBXBuildFile; fileRef = DE5AFF3C1F0DE0A200A3EB92 /* WQProperty.m */; };
		DE66F5631EFCE4EF0066282A /* NSObject+PropertyRuntime.m in Sources */ = {isa = PBXBuildFile; fileRef = DE66F5621EFCE4EF0066282A /* NSObject+PropertyRuntime.m */; };
		DE66F5691EFCEC1A0066282A /* CoderObject.m in Sources */ = {isa = PBXBuildFile; fileRef = DE66F5661EFCEC1A0066282A /* CoderObject.m */; };
		DE66F56A1EFCEC1A0066282A /* Student.m in Sources */ = {isa = PBXBuildFile; fileRef = DE66F5681EFCEC1A0066282A /* Student.m */; };
		DE76352B1F17032D00EC26A5 /* NSString+WQHash.m in Sources */ = {isa = PBXBuildFile; fileRef = DE7635261F17032D00EC26A5 /* NSString+WQHash.m */; };
		DE76352C1F17032D00EC26A5 /* NSString+WQSafe.m in Sources */ = {isa = PBXBuildFile; fileRef = DE7635281F17032D00EC26A5 /* NSString+WQSafe.m */; };
		DE76352D1F17032D00EC26A5 /* NSString+WQSize.m in Sources */ = {isa = PBXBuildFile; fileRef = DE76352A1F17032D00EC26A5 /* NSString+WQSize.m */; };
		DE7635301F17049700EC26A5 /* NSNumber+WQFormat.m in Sources */ = {isa = PBXBuildFile; fileRef = DE76352F1F17049700EC26A5 /* NSNumber+WQFormat.m */; };
/* End PBXBuildFile section */

/* Begin PBXFileReference section */
		1CD1B01262C366C99BF48CAB /* Pods-WQBaseDemo.release.xcconfig */ = {isa = PBXFileReference; includeInIndex = 1; lastKnownFileType = text.xcconfig; name = "Pods-WQBaseDemo.release.xcconfig"; path = "Pods/Target Support Files/Pods-WQBaseDemo/Pods-WQBaseDemo.release.xcconfig"; sourceTree = "<group>"; };
		2D15B17A1F9A0537007C36F8 /* NSString+WQRegxKit.h */ = {isa = PBXFileReference; lastKnownFileType = sourcecode.c.h; path = "NSString+WQRegxKit.h"; sourceTree = "<group>"; };
		2D15B17B1F9A0537007C36F8 /* NSString+WQRegxKit.m */ = {isa = PBXFileReference; lastKnownFileType = sourcecode.c.objc; path = "NSString+WQRegxKit.m"; sourceTree = "<group>"; };
		D23D83C88D71E647166B0F27 /* libPods-WQBaseDemo.a */ = {isa = PBXFileReference; explicitFileType = archive.ar; includeInIndex = 0; path = "libPods-WQBaseDemo.a"; sourceTree = BUILT_PRODUCTS_DIR; };
		DE0A015E1ED2BE490054DD17 /* WQBaseDemo.app */ = {isa = PBXFileReference; explicitFileType = wrapper.application; includeInIndex = 0; path = WQBaseDemo.app; sourceTree = BUILT_PRODUCTS_DIR; };
		DE0A01621ED2BE490054DD17 /* main.m */ = {isa = PBXFileReference; lastKnownFileType = sourcecode.c.objc; path = main.m; sourceTree = "<group>"; };
		DE0A01641ED2BE490054DD17 /* AppDelegate.h */ = {isa = PBXFileReference; lastKnownFileType = sourcecode.c.h; path = AppDelegate.h; sourceTree = "<group>"; };
		DE0A01651ED2BE490054DD17 /* AppDelegate.m */ = {isa = PBXFileReference; lastKnownFileType = sourcecode.c.objc; path = AppDelegate.m; sourceTree = "<group>"; };
		DE0A01671ED2BE490054DD17 /* ViewController.h */ = {isa = PBXFileReference; lastKnownFileType = sourcecode.c.h; path = ViewController.h; sourceTree = "<group>"; };
		DE0A01681ED2BE490054DD17 /* ViewController.m */ = {isa = PBXFileReference; lastKnownFileType = sourcecode.c.objc; path = ViewController.m; sourceTree = "<group>"; };
		DE0A016B1ED2BE490054DD17 /* Base */ = {isa = PBXFileReference; lastKnownFileType = file.storyboard; name = Base; path = Base.lproj/Main.storyboard; sourceTree = "<group>"; };
		DE0A016E1ED2BE490054DD17 /* WQBaseDemo.xcdatamodel */ = {isa = PBXFileReference; lastKnownFileType = wrapper.xcdatamodel; path = WQBaseDemo.xcdatamodel; sourceTree = "<group>"; };
		DE0A01701ED2BE490054DD17 /* Assets.xcassets */ = {isa = PBXFileReference; lastKnownFileType = folder.assetcatalog; path = Assets.xcassets; sourceTree = "<group>"; };
		DE0A01731ED2BE490054DD17 /* Base */ = {isa = PBXFileReference; lastKnownFileType = file.storyboard; name = Base; path = Base.lproj/LaunchScreen.storyboard; sourceTree = "<group>"; };
		DE0A01751ED2BE490054DD17 /* Info.plist */ = {isa = PBXFileReference; lastKnownFileType = text.plist.xml; path = Info.plist; sourceTree = "<group>"; };
		DE0A017E1ED2BEDA0054DD17 /* NSDate+WQFormat.h */ = {isa = PBXFileReference; fileEncoding = 4; lastKnownFileType = sourcecode.c.h; path = "NSDate+WQFormat.h"; sourceTree = "<group>"; };
		DE0A017F1ED2BEDA0054DD17 /* NSDate+WQFormat.m */ = {isa = PBXFileReference; fileEncoding = 4; lastKnownFileType = sourcecode.c.objc; path = "NSDate+WQFormat.m"; sourceTree = "<group>"; };
		DE0A01801ED2BEDA0054DD17 /* NSDate+WQHandle.h */ = {isa = PBXFileReference; fileEncoding = 4; lastKnownFileType = sourcecode.c.h; path = "NSDate+WQHandle.h"; sourceTree = "<group>"; };
		DE0A01811ED2BEDA0054DD17 /* NSDate+WQHandle.m */ = {isa = PBXFileReference; fileEncoding = 4; lastKnownFileType = sourcecode.c.objc; path = "NSDate+WQHandle.m"; sourceTree = "<group>"; };
		DE0A01821ED2BEDA0054DD17 /* NSDate+WQHelp.h */ = {isa = PBXFileReference; fileEncoding = 4; lastKnownFileType = sourcecode.c.h; path = "NSDate+WQHelp.h"; sourceTree = "<group>"; };
		DE0A01831ED2BEDA0054DD17 /* NSDate+WQHelp.m */ = {isa = PBXFileReference; fileEncoding = 4; lastKnownFileType = sourcecode.c.objc; path = "NSDate+WQHelp.m"; sourceTree = "<group>"; };
		DE0A01841ED2BEDA0054DD17 /* NSString+WQBridgeFormat.h */ = {isa = PBXFileReference; fileEncoding = 4; lastKnownFileType = sourcecode.c.h; path = "NSString+WQBridgeFormat.h"; sourceTree = "<group>"; };
		DE0A01851ED2BEDA0054DD17 /* NSString+WQBridgeFormat.m */ = {isa = PBXFileReference; fileEncoding = 4; lastKnownFileType = sourcecode.c.objc; path = "NSString+WQBridgeFormat.m"; sourceTree = "<group>"; };
		DE0A01861ED2BEDA0054DD17 /* NSString+WQDate.h */ = {isa = PBXFileReference; fileEncoding = 4; lastKnownFileType = sourcecode.c.h; path = "NSString+WQDate.h"; sourceTree = "<group>"; };
		DE0A01871ED2BEDA0054DD17 /* NSString+WQDate.m */ = {isa = PBXFileReference; fileEncoding = 4; lastKnownFileType = sourcecode.c.objc; path = "NSString+WQDate.m"; sourceTree = "<group>"; };
		DE0A018A1ED2BEDA0054DD17 /* WQDateFormater.h */ = {isa = PBXFileReference; fileEncoding = 4; lastKnownFileType = sourcecode.c.h; path = WQDateFormater.h; sourceTree = "<group>"; };
		DE0A018B1ED2BEDA0054DD17 /* WQDateFormater.m */ = {isa = PBXFileReference; fileEncoding = 4; lastKnownFileType = sourcecode.c.objc; path = WQDateFormater.m; sourceTree = "<group>"; };
		DE0A018D1ED2BEDA0054DD17 /* NSFileManager+WQPath.h */ = {isa = PBXFileReference; fileEncoding = 4; lastKnownFileType = sourcecode.c.h; path = "NSFileManager+WQPath.h"; sourceTree = "<group>"; };
		DE0A018E1ED2BEDA0054DD17 /* NSFileManager+WQPath.m */ = {isa = PBXFileReference; fileEncoding = 4; lastKnownFileType = sourcecode.c.objc; path = "NSFileManager+WQPath.m"; sourceTree = "<group>"; };
		DE0A01971ED2BEDA0054DD17 /* NSDate+Utilities.h */ = {isa = PBXFileReference; fileEncoding = 4; lastKnownFileType = sourcecode.c.h; path = "NSDate+Utilities.h"; sourceTree = "<group>"; };
		DE0A01981ED2BEDA0054DD17 /* NSDate+Utilities.m */ = {isa = PBXFileReference; fileEncoding = 4; lastKnownFileType = sourcecode.c.objc; path = "NSDate+Utilities.m"; sourceTree = "<group>"; };
		DE0A01A11ED2BEDA0054DD17 /* WQDynamicObject.h */ = {isa = PBXFileReference; fileEncoding = 4; lastKnownFileType = sourcecode.c.h; path = WQDynamicObject.h; sourceTree = "<group>"; };
		DE0A01A21ED2BEDA0054DD17 /* WQDynamicObject.m */ = {isa = PBXFileReference; fileEncoding = 4; lastKnownFileType = sourcecode.c.objc; path = WQDynamicObject.m; sourceTree = "<group>"; };
		DE0A01A61ED2BEDA0054DD17 /* RuntimeKit.h */ = {isa = PBXFileReference; fileEncoding = 4; lastKnownFileType = sourcecode.c.h; path = RuntimeKit.h; sourceTree = "<group>"; };
		DE0A01A71ED2BEDA0054DD17 /* RuntimeKit.m */ = {isa = PBXFileReference; fileEncoding = 4; lastKnownFileType = sourcecode.c.objc; path = RuntimeKit.m; sourceTree = "<group>"; };
		DE0A01A81ED2BEDA0054DD17 /* WQAppInfo.h */ = {isa = PBXFileReference; fileEncoding = 4; lastKnownFileType = sourcecode.c.h; path = WQAppInfo.h; sourceTree = "<group>"; };
		DE0A01A91ED2BEDA0054DD17 /* WQAppInfo.m */ = {isa = PBXFileReference; fileEncoding = 4; lastKnownFileType = sourcecode.c.objc; path = WQAppInfo.m; sourceTree = "<group>"; };
		DE0A01AA1ED2BEDA0054DD17 /* WQCache.h */ = {isa = PBXFileReference; fileEncoding = 4; lastKnownFileType = sourcecode.c.h; path = WQCache.h; sourceTree = "<group>"; };
		DE0A01AB1ED2BEDA0054DD17 /* WQCache.m */ = {isa = PBXFileReference; fileEncoding = 4; lastKnownFileType = sourcecode.c.objc; path = WQCache.m; sourceTree = "<group>"; };
		DE0A01B21ED2BEDA0054DD17 /* WQBaseAPI.h */ = {isa = PBXFileReference; fileEncoding = 4; lastKnownFileType = sourcecode.c.h; path = WQBaseAPI.h; sourceTree = "<group>"; };
		DE0A01B31ED2BEDA0054DD17 /* WQBaseAPI.m */ = {isa = PBXFileReference; fileEncoding = 4; lastKnownFileType = sourcecode.c.objc; path = WQBaseAPI.m; sourceTree = "<group>"; };
		DE0A01B41ED2BEDA0054DD17 /* WQHttpTool.h */ = {isa = PBXFileReference; fileEncoding = 4; lastKnownFileType = sourcecode.c.h; path = WQHttpTool.h; sourceTree = "<group>"; };
		DE0A01B51ED2BEDA0054DD17 /* WQHttpTool.m */ = {isa = PBXFileReference; fileEncoding = 4; lastKnownFileType = sourcecode.c.objc; path = WQHttpTool.m; sourceTree = "<group>"; };
		DE0A01DC1ED2BEDA0054DD17 /* WQBasicComponents.h */ = {isa = PBXFileReference; fileEncoding = 4; lastKnownFileType = sourcecode.c.h; path = WQBasicComponents.h; sourceTree = "<group>"; };
		DE0A02041ED2BEEF0054DD17 /* PrefixHeader.pch */ = {isa = PBXFileReference; fileEncoding = 4; lastKnownFileType = sourcecode.c.h; path = PrefixHeader.pch; sourceTree = "<group>"; };
		DE0A02831ED2C7060054DD17 /* libsqlite3.tbd */ = {isa = PBXFileReference; lastKnownFileType = "sourcecode.text-based-dylib-definition"; name = libsqlite3.tbd; path = usr/lib/libsqlite3.tbd; sourceTree = SDKROOT; };
		DE0A02851ED2C7170054DD17 /* CoreMotion.framework */ = {isa = PBXFileReference; lastKnownFileType = wrapper.framework; name = CoreMotion.framework; path = System/Library/Frameworks/CoreMotion.framework; sourceTree = SDKROOT; };
		DE0A02871ED2C7290054DD17 /* CoreTelephony.framework */ = {isa = PBXFileReference; lastKnownFileType = wrapper.framework; name = CoreTelephony.framework; path = System/Library/Frameworks/CoreTelephony.framework; sourceTree = SDKROOT; };
		DE0A02881ED2C7290054DD17 /* CoreText.framework */ = {isa = PBXFileReference; lastKnownFileType = wrapper.framework; name = CoreText.framework; path = System/Library/Frameworks/CoreText.framework; sourceTree = SDKROOT; };
		DE0A028B1ED2C7360054DD17 /* CoreGraphics.framework */ = {isa = PBXFileReference; lastKnownFileType = wrapper.framework; name = CoreGraphics.framework; path = System/Library/Frameworks/CoreGraphics.framework; sourceTree = SDKROOT; };
		DE0A028D1ED2C7430054DD17 /* SystemConfiguration.framework */ = {isa = PBXFileReference; lastKnownFileType = wrapper.framework; name = SystemConfiguration.framework; path = System/Library/Frameworks/SystemConfiguration.framework; sourceTree = SDKROOT; };
		DE0A028F1ED2C7490054DD17 /* CFNetwork.framework */ = {isa = PBXFileReference; lastKnownFileType = wrapper.framework; name = CFNetwork.framework; path = System/Library/Frameworks/CFNetwork.framework; sourceTree = SDKROOT; };
		DE0A02911ED2C7520054DD17 /* libc++.tbd */ = {isa = PBXFileReference; lastKnownFileType = "sourcecode.text-based-dylib-definition"; name = "libc++.tbd"; path = "usr/lib/libc++.tbd"; sourceTree = SDKROOT; };
		DE0A02931ED2C7600054DD17 /* libz.tbd */ = {isa = PBXFileReference; lastKnownFileType = "sourcecode.text-based-dylib-definition"; name = libz.tbd; path = usr/lib/libz.tbd; sourceTree = SDKROOT; };
		DE35FA781F160D88008E9653 /* NSError+WQUtilities.h */ = {isa = PBXFileReference; fileEncoding = 4; lastKnownFileType = sourcecode.c.h; path = "NSError+WQUtilities.h"; sourceTree = "<group>"; };
		DE35FA791F160D88008E9653 /* NSError+WQUtilities.m */ = {isa = PBXFileReference; fileEncoding = 4; lastKnownFileType = sourcecode.c.objc; path = "NSError+WQUtilities.m"; sourceTree = "<group>"; };
		DE39F02D1F15BD880091EB05 /* SubCoderObject.h */ = {isa = PBXFileReference; fileEncoding = 4; lastKnownFileType = sourcecode.c.h; path = SubCoderObject.h; sourceTree = "<group>"; };
		DE39F02E1F15BD880091EB05 /* SubCoderObject.m */ = {isa = PBXFileReference; fileEncoding = 4; lastKnownFileType = sourcecode.c.objc; path = SubCoderObject.m; sourceTree = "<group>"; };
		DE4D95F41ED573ED00F9D641 /* WQConstans.h */ = {isa = PBXFileReference; fileEncoding = 4; lastKnownFileType = sourcecode.c.h; path = WQConstans.h; sourceTree = "<group>"; };
		DE5AFF3B1F0DE0A200A3EB92 /* WQProperty.h */ = {isa = PBXFileReference; fileEncoding = 4; lastKnownFileType = sourcecode.c.h; path = WQProperty.h; sourceTree = "<group>"; };
		DE5AFF3C1F0DE0A200A3EB92 /* WQProperty.m */ = {isa = PBXFileReference; fileEncoding = 4; lastKnownFileType = sourcecode.c.objc; path = WQProperty.m; sourceTree = "<group>"; };
		DE66F5611EFCE4EF0066282A /* NSObject+PropertyRuntime.h */ = {isa = PBXFileReference; fileEncoding = 4; lastKnownFileType = sourcecode.c.h; path = "NSObject+PropertyRuntime.h"; sourceTree = "<group>"; };
		DE66F5621EFCE4EF0066282A /* NSObject+PropertyRuntime.m */ = {isa = PBXFileReference; fileEncoding = 4; lastKnownFileType = sourcecode.c.objc; path = "NSObject+PropertyRuntime.m"; sourceTree = "<group>"; };
		DE66F5651EFCEC1A0066282A /* CoderObject.h */ = {isa = PBXFileReference; fileEncoding = 4; lastKnownFileType = sourcecode.c.h; path = CoderObject.h; sourceTree = "<group>"; };
		DE66F5661EFCEC1A0066282A /* CoderObject.m */ = {isa = PBXFileReference; fileEncoding = 4; lastKnownFileType = sourcecode.c.objc; path = CoderObject.m; sourceTree = "<group>"; };
		DE66F5671EFCEC1A0066282A /* Student.h */ = {isa = PBXFileReference; fileEncoding = 4; lastKnownFileType = sourcecode.c.h; path = Student.h; sourceTree = "<group>"; };
		DE66F5681EFCEC1A0066282A /* Student.m */ = {isa = PBXFileReference; fileEncoding = 4; lastKnownFileType = sourcecode.c.objc; path = Student.m; sourceTree = "<group>"; };
		DE7635251F17032D00EC26A5 /* NSString+WQHash.h */ = {isa = PBXFileReference; fileEncoding = 4; lastKnownFileType = sourcecode.c.h; path = "NSString+WQHash.h"; sourceTree = "<group>"; };
		DE7635261F17032D00EC26A5 /* NSString+WQHash.m */ = {isa = PBXFileReference; fileEncoding = 4; lastKnownFileType = sourcecode.c.objc; path = "NSString+WQHash.m"; sourceTree = "<group>"; };
		DE7635271F17032D00EC26A5 /* NSString+WQSafe.h */ = {isa = PBXFileReference; fileEncoding = 4; lastKnownFileType = sourcecode.c.h; path = "NSString+WQSafe.h"; sourceTree = "<group>"; };
		DE7635281F17032D00EC26A5 /* NSString+WQSafe.m */ = {isa = PBXFileReference; fileEncoding = 4; lastKnownFileType = sourcecode.c.objc; path = "NSString+WQSafe.m"; sourceTree = "<group>"; };
		DE7635291F17032D00EC26A5 /* NSString+WQSize.h */ = {isa = PBXFileReference; fileEncoding = 4; lastKnownFileType = sourcecode.c.h; path = "NSString+WQSize.h"; sourceTree = "<group>"; };
		DE76352A1F17032D00EC26A5 /* NSString+WQSize.m */ = {isa = PBXFileReference; fileEncoding = 4; lastKnownFileType = sourcecode.c.objc; path = "NSString+WQSize.m"; sourceTree = "<group>"; };
		DE76352E1F17049700EC26A5 /* NSNumber+WQFormat.h */ = {isa = PBXFileReference; fileEncoding = 4; lastKnownFileType = sourcecode.c.h; path = "NSNumber+WQFormat.h"; sourceTree = "<group>"; };
		DE76352F1F17049700EC26A5 /* NSNumber+WQFormat.m */ = {isa = PBXFileReference; fileEncoding = 4; lastKnownFileType = sourcecode.c.objc; path = "NSNumber+WQFormat.m"; sourceTree = "<group>"; };
		F27D1777CD2ABD65FC3BDA35 /* Pods-WQBaseDemo.debug.xcconfig */ = {isa = PBXFileReference; includeInIndex = 1; lastKnownFileType = text.xcconfig; name = "Pods-WQBaseDemo.debug.xcconfig"; path = "Pods/Target Support Files/Pods-WQBaseDemo/Pods-WQBaseDemo.debug.xcconfig"; sourceTree = "<group>"; };
/* End PBXFileReference section */

/* Begin PBXFrameworksBuildPhase section */
		DE0A015B1ED2BE490054DD17 /* Frameworks */ = {
			isa = PBXFrameworksBuildPhase;
			buildActionMask = 2147483647;
			files = (
				DE0A02941ED2C7600054DD17 /* libz.tbd in Frameworks */,
				DE0A02921ED2C7520054DD17 /* libc++.tbd in Frameworks */,
				DE0A02901ED2C7490054DD17 /* CFNetwork.framework in Frameworks */,
				DE0A028E1ED2C7430054DD17 /* SystemConfiguration.framework in Frameworks */,
				DE0A028C1ED2C7360054DD17 /* CoreGraphics.framework in Frameworks */,
				DE0A02891ED2C7290054DD17 /* CoreTelephony.framework in Frameworks */,
				DE0A028A1ED2C7290054DD17 /* CoreText.framework in Frameworks */,
				DE0A02861ED2C7170054DD17 /* CoreMotion.framework in Frameworks */,
				DE0A02841ED2C7060054DD17 /* libsqlite3.tbd in Frameworks */,
				5FF96E2F9F446AC6D5D96E60 /* libPods-WQBaseDemo.a in Frameworks */,
			);
			runOnlyForDeploymentPostprocessing = 0;
		};
/* End PBXFrameworksBuildPhase section */

/* Begin PBXGroup section */
		66985148222F364367323261 /* Frameworks */ = {
			isa = PBXGroup;
			children = (
				DE0A02931ED2C7600054DD17 /* libz.tbd */,
				DE0A02911ED2C7520054DD17 /* libc++.tbd */,
				DE0A028F1ED2C7490054DD17 /* CFNetwork.framework */,
				DE0A028D1ED2C7430054DD17 /* SystemConfiguration.framework */,
				DE0A028B1ED2C7360054DD17 /* CoreGraphics.framework */,
				DE0A02871ED2C7290054DD17 /* CoreTelephony.framework */,
				DE0A02881ED2C7290054DD17 /* CoreText.framework */,
				DE0A02851ED2C7170054DD17 /* CoreMotion.framework */,
				DE0A02831ED2C7060054DD17 /* libsqlite3.tbd */,
				D23D83C88D71E647166B0F27 /* libPods-WQBaseDemo.a */,
			);
			name = Frameworks;
			sourceTree = "<group>";
		};
		B54EF62E1FE9789C6B43DC48 /* Pods */ = {
			isa = PBXGroup;
			children = (
				F27D1777CD2ABD65FC3BDA35 /* Pods-WQBaseDemo.debug.xcconfig */,
				1CD1B01262C366C99BF48CAB /* Pods-WQBaseDemo.release.xcconfig */,
			);
			name = Pods;
			sourceTree = "<group>";
		};
		DE0A01551ED2BE490054DD17 = {
			isa = PBXGroup;
			children = (
				DE0A017B1ED2BEDA0054DD17 /* WQBasicComponents */,
				DE0A01601ED2BE490054DD17 /* WQBaseDemo */,
				DE0A015F1ED2BE490054DD17 /* Products */,
				B54EF62E1FE9789C6B43DC48 /* Pods */,
				66985148222F364367323261 /* Frameworks */,
			);
			sourceTree = "<group>";
		};
		DE0A015F1ED2BE490054DD17 /* Products */ = {
			isa = PBXGroup;
			children = (
				DE0A015E1ED2BE490054DD17 /* WQBaseDemo.app */,
			);
			name = Products;
			sourceTree = "<group>";
		};
		DE0A01601ED2BE490054DD17 /* WQBaseDemo */ = {
			isa = PBXGroup;
			children = (
				DE66F5641EFCEC1A0066282A /* Model */,
				DE0A01641ED2BE490054DD17 /* AppDelegate.h */,
				DE0A01651ED2BE490054DD17 /* AppDelegate.m */,
				DE0A01671ED2BE490054DD17 /* ViewController.h */,
				DE0A01681ED2BE490054DD17 /* ViewController.m */,
				DE0A016A1ED2BE490054DD17 /* Main.storyboard */,
				DE0A01701ED2BE490054DD17 /* Assets.xcassets */,
				DE0A01721ED2BE490054DD17 /* LaunchScreen.storyboard */,
				DE0A01751ED2BE490054DD17 /* Info.plist */,
				DE0A016D1ED2BE490054DD17 /* WQBaseDemo.xcdatamodeld */,
				DE0A01611ED2BE490054DD17 /* Supporting Files */,
			);
			path = WQBaseDemo;
			sourceTree = "<group>";
		};
		DE0A01611ED2BE490054DD17 /* Supporting Files */ = {
			isa = PBXGroup;
			children = (
				DE0A01621ED2BE490054DD17 /* main.m */,
				DE0A02041ED2BEEF0054DD17 /* PrefixHeader.pch */,
			);
			name = "Supporting Files";
			sourceTree = "<group>";
		};
		DE0A017B1ED2BEDA0054DD17 /* WQBasicComponents */ = {
			isa = PBXGroup;
			children = (
				DE4D95F21ED5739900F9D641 /* WQPublicHelp */,
				DE0A017C1ED2BEDA0054DD17 /* Category */,
				DE0A019F1ED2BEDA0054DD17 /* Tool */,
				DE0A01DC1ED2BEDA0054DD17 /* WQBasicComponents.h */,
			);
			path = WQBasicComponents;
			sourceTree = "<group>";
		};
		DE0A017C1ED2BEDA0054DD17 /* Category */ = {
			isa = PBXGroup;
			children = (
				DE7635241F17032D00EC26A5 /* Category_String */,
				DE0A017D1ED2BEDA0054DD17 /* Category_Date */,
				DE0A018C1ED2BEDA0054DD17 /* Category_Foundation */,
				DE0A01961ED2BEDA0054DD17 /* Category_Vendor */,
			);
			path = Category;
			sourceTree = "<group>";
		};
		DE0A017D1ED2BEDA0054DD17 /* Category_Date */ = {
			isa = PBXGroup;
			children = (
				DE0A017E1ED2BEDA0054DD17 /* NSDate+WQFormat.h */,
				DE0A017F1ED2BEDA0054DD17 /* NSDate+WQFormat.m */,
				DE0A01801ED2BEDA0054DD17 /* NSDate+WQHandle.h */,
				DE0A01811ED2BEDA0054DD17 /* NSDate+WQHandle.m */,
				DE0A01821ED2BEDA0054DD17 /* NSDate+WQHelp.h */,
				DE0A01831ED2BEDA0054DD17 /* NSDate+WQHelp.m */,
				DE0A01841ED2BEDA0054DD17 /* NSString+WQBridgeFormat.h */,
				DE0A01851ED2BEDA0054DD17 /* NSString+WQBridgeFormat.m */,
				DE0A01861ED2BEDA0054DD17 /* NSString+WQDate.h */,
				DE0A01871ED2BEDA0054DD17 /* NSString+WQDate.m */,
				DE0A018A1ED2BEDA0054DD17 /* WQDateFormater.h */,
				DE0A018B1ED2BEDA0054DD17 /* WQDateFormater.m */,
			);
			path = Category_Date;
			sourceTree = "<group>";
		};
		DE0A018C1ED2BEDA0054DD17 /* Category_Foundation */ = {
			isa = PBXGroup;
			children = (
				DE0A018D1ED2BEDA0054DD17 /* NSFileManager+WQPath.h */,
				DE0A018E1ED2BEDA0054DD17 /* NSFileManager+WQPath.m */,
				DE76352E1F17049700EC26A5 /* NSNumber+WQFormat.h */,
				DE76352F1F17049700EC26A5 /* NSNumber+WQFormat.m */,
			);
			path = Category_Foundation;
			sourceTree = "<group>";
		};
		DE0A01961ED2BEDA0054DD17 /* Category_Vendor */ = {
			isa = PBXGroup;
			children = (
				DE0A01971ED2BEDA0054DD17 /* NSDate+Utilities.h */,
				DE0A01981ED2BEDA0054DD17 /* NSDate+Utilities.m */,
			);
			path = Category_Vendor;
			sourceTree = "<group>";
		};
		DE0A019F1ED2BEDA0054DD17 /* Tool */ = {
			isa = PBXGroup;
			children = (
				DE0A01A01ED2BEDA0054DD17 /* BasicFoundation */,
				DE0A01A51ED2BEDA0054DD17 /* BasicHelp */,
				DE0A01AF1ED2BEDA0054DD17 /* NetWorkTool */,
			);
			path = Tool;
			sourceTree = "<group>";
		};
		DE0A01A01ED2BEDA0054DD17 /* BasicFoundation */ = {
			isa = PBXGroup;
			children = (
				DE0A01A11ED2BEDA0054DD17 /* WQDynamicObject.h */,
				DE0A01A21ED2BEDA0054DD17 /* WQDynamicObject.m */,
				DE66F5611EFCE4EF0066282A /* NSObject+PropertyRuntime.h */,
				DE66F5621EFCE4EF0066282A /* NSObject+PropertyRuntime.m */,
				DE5AFF3B1F0DE0A200A3EB92 /* WQProperty.h */,
				DE5AFF3C1F0DE0A200A3EB92 /* WQProperty.m */,
				DE35FA781F160D88008E9653 /* NSError+WQUtilities.h */,
				DE35FA791F160D88008E9653 /* NSError+WQUtilities.m */,
			);
			path = BasicFoundation;
			sourceTree = "<group>";
		};
		DE0A01A51ED2BEDA0054DD17 /* BasicHelp */ = {
			isa = PBXGroup;
			children = (
				DE0A01A61ED2BEDA0054DD17 /* RuntimeKit.h */,
				DE0A01A71ED2BEDA0054DD17 /* RuntimeKit.m */,
				DE0A01A81ED2BEDA0054DD17 /* WQAppInfo.h */,
				DE0A01A91ED2BEDA0054DD17 /* WQAppInfo.m */,
				DE0A01AA1ED2BEDA0054DD17 /* WQCache.h */,
				DE0A01AB1ED2BEDA0054DD17 /* WQCache.m */,
			);
			path = BasicHelp;
			sourceTree = "<group>";
		};
		DE0A01AF1ED2BEDA0054DD17 /* NetWorkTool */ = {
			isa = PBXGroup;
			children = (
				DE0A01B21ED2BEDA0054DD17 /* WQBaseAPI.h */,
				DE0A01B31ED2BEDA0054DD17 /* WQBaseAPI.m */,
				DE0A01B41ED2BEDA0054DD17 /* WQHttpTool.h */,
				DE0A01B51ED2BEDA0054DD17 /* WQHttpTool.m */,
			);
			path = NetWorkTool;
			sourceTree = "<group>";
		};
		DE4D95F21ED5739900F9D641 /* WQPublicHelp */ = {
			isa = PBXGroup;
			children = (
				DE4D95F81ED57D4000F9D641 /* WQBasicInherit */,
				DE4D95F31ED5739900F9D641 /* WQBasicHelp */,
			);
			path = WQPublicHelp;
			sourceTree = "<group>";
		};
		DE4D95F31ED5739900F9D641 /* WQBasicHelp */ = {
			isa = PBXGroup;
			children = (
				DE4D95F41ED573ED00F9D641 /* WQConstans.h */,
			);
			path = WQBasicHelp;
			sourceTree = "<group>";
		};
		DE4D95F81ED57D4000F9D641 /* WQBasicInherit */ = {
			isa = PBXGroup;
			children = (
			);
			path = WQBasicInherit;
			sourceTree = "<group>";
		};
		DE66F5641EFCEC1A0066282A /* Model */ = {
			isa = PBXGroup;
			children = (
				DE66F5651EFCEC1A0066282A /* CoderObject.h */,
				DE66F5661EFCEC1A0066282A /* CoderObject.m */,
				DE66F5671EFCEC1A0066282A /* Student.h */,
				DE66F5681EFCEC1A0066282A /* Student.m */,
				DE39F02D1F15BD880091EB05 /* SubCoderObject.h */,
				DE39F02E1F15BD880091EB05 /* SubCoderObject.m */,
			);
			path = Model;
			sourceTree = "<group>";
		};
		DE7635241F17032D00EC26A5 /* Category_String */ = {
			isa = PBXGroup;
			children = (
				DE7635251F17032D00EC26A5 /* NSString+WQHash.h */,
				DE7635261F17032D00EC26A5 /* NSString+WQHash.m */,
				DE7635271F17032D00EC26A5 /* NSString+WQSafe.h */,
				DE7635281F17032D00EC26A5 /* NSString+WQSafe.m */,
				DE7635291F17032D00EC26A5 /* NSString+WQSize.h */,
				DE76352A1F17032D00EC26A5 /* NSString+WQSize.m */,
				2D15B17A1F9A0537007C36F8 /* NSString+WQRegxKit.h */,
				2D15B17B1F9A0537007C36F8 /* NSString+WQRegxKit.m */,
			);
			path = Category_String;
			sourceTree = "<group>";
		};
/* End PBXGroup section */

/* Begin PBXNativeTarget section */
		DE0A015D1ED2BE490054DD17 /* WQBaseDemo */ = {
			isa = PBXNativeTarget;
			buildConfigurationList = DE0A01781ED2BE490054DD17 /* Build configuration list for PBXNativeTarget "WQBaseDemo" */;
			buildPhases = (
				56A962562578A7B93C6DFC3E /* [CP] Check Pods Manifest.lock */,
				DE0A015A1ED2BE490054DD17 /* Sources */,
				DE0A015B1ED2BE490054DD17 /* Frameworks */,
				DE0A015C1ED2BE490054DD17 /* Resources */,
				BEB57C41512BB2A6A5D8FA01 /* [CP] Embed Pods Frameworks */,
				35AE41950F9B98E2162BA913 /* [CP] Copy Pods Resources */,
			);
			buildRules = (
			);
			dependencies = (
			);
			name = WQBaseDemo;
			productName = WQBaseDemo;
			productReference = DE0A015E1ED2BE490054DD17 /* WQBaseDemo.app */;
			productType = "com.apple.product-type.application";
		};
/* End PBXNativeTarget section */

/* Begin PBXProject section */
		DE0A01561ED2BE490054DD17 /* Project object */ = {
			isa = PBXProject;
			attributes = {
				LastUpgradeCheck = 0830;
				ORGANIZATIONNAME = WQMapKit;
				TargetAttributes = {
					DE0A015D1ED2BE490054DD17 = {
						CreatedOnToolsVersion = 8.3.2;
						ProvisioningStyle = Automatic;
					};
				};
			};
			buildConfigurationList = DE0A01591ED2BE490054DD17 /* Build configuration list for PBXProject "WQBaseDemo" */;
			compatibilityVersion = "Xcode 3.2";
			developmentRegion = English;
			hasScannedForEncodings = 0;
			knownRegions = (
				en,
				Base,
			);
			mainGroup = DE0A01551ED2BE490054DD17;
			productRefGroup = DE0A015F1ED2BE490054DD17 /* Products */;
			projectDirPath = "";
			projectRoot = "";
			targets = (
				DE0A015D1ED2BE490054DD17 /* WQBaseDemo */,
			);
		};
/* End PBXProject section */

/* Begin PBXResourcesBuildPhase section */
		DE0A015C1ED2BE490054DD17 /* Resources */ = {
			isa = PBXResourcesBuildPhase;
			buildActionMask = 2147483647;
			files = (
				DE0A01741ED2BE490054DD17 /* LaunchScreen.storyboard in Resources */,
				DE0A01711ED2BE490054DD17 /* Assets.xcassets in Resources */,
				DE0A016C1ED2BE490054DD17 /* Main.storyboard in Resources */,
			);
			runOnlyForDeploymentPostprocessing = 0;
		};
/* End PBXResourcesBuildPhase section */

/* Begin PBXShellScriptBuildPhase section */
		35AE41950F9B98E2162BA913 /* [CP] Copy Pods Resources */ = {
			isa = PBXShellScriptBuildPhase;
			buildActionMask = 2147483647;
			files = (
			);
			inputPaths = (
			);
			name = "[CP] Copy Pods Resources";
			outputPaths = (
			);
			runOnlyForDeploymentPostprocessing = 0;
			shellPath = /bin/sh;
			shellScript = "\"${SRCROOT}/Pods/Target Support Files/Pods-WQBaseDemo/Pods-WQBaseDemo-resources.sh\"\n";
			showEnvVarsInLog = 0;
		};
		56A962562578A7B93C6DFC3E /* [CP] Check Pods Manifest.lock */ = {
			isa = PBXShellScriptBuildPhase;
			buildActionMask = 2147483647;
			files = (
			);
			inputPaths = (
			);
			name = "[CP] Check Pods Manifest.lock";
			outputPaths = (
			);
			runOnlyForDeploymentPostprocessing = 0;
			shellPath = /bin/sh;
			shellScript = "diff \"${PODS_PODFILE_DIR_PATH}/Podfile.lock\" \"${PODS_ROOT}/Manifest.lock\" > /dev/null\nif [ $? != 0 ] ; then\n    # print error to STDERR\n    echo \"error: The sandbox is not in sync with the Podfile.lock. Run 'pod install' or update your CocoaPods installation.\" >&2\n    exit 1\nfi\n";
			showEnvVarsInLog = 0;
		};
		BEB57C41512BB2A6A5D8FA01 /* [CP] Embed Pods Frameworks */ = {
			isa = PBXShellScriptBuildPhase;
			buildActionMask = 2147483647;
			files = (
			);
			inputPaths = (
			);
			name = "[CP] Embed Pods Frameworks";
			outputPaths = (
			);
			runOnlyForDeploymentPostprocessing = 0;
			shellPath = /bin/sh;
			shellScript = "\"${SRCROOT}/Pods/Target Support Files/Pods-WQBaseDemo/Pods-WQBaseDemo-frameworks.sh\"\n";
			showEnvVarsInLog = 0;
		};
/* End PBXShellScriptBuildPhase section */

/* Begin PBXSourcesBuildPhase section */
		DE0A015A1ED2BE490054DD17 /* Sources */ = {
			isa = PBXSourcesBuildPhase;
			buildActionMask = 2147483647;
			files = (
				DE5AFF3D1F0DE0A200A3EB92 /* WQProperty.m in Sources */,
				DE0A01F01ED2BEDA0054DD17 /* WQCache.m in Sources */,
				DE0A01F41ED2BEDA0054DD17 /* WQHttpTool.m in Sources */,
				DE0A01E41ED2BEDA0054DD17 /* NSFileManager+WQPath.m in Sources */,
				DE0A01E81ED2BEDA0054DD17 /* NSDate+Utilities.m in Sources */,
				DE0A01691ED2BE490054DD17 /* ViewController.m in Sources */,
				DE0A01DD1ED2BEDA0054DD17 /* NSDate+WQFormat.m in Sources */,
				DE66F5631EFCE4EF0066282A /* NSObject+PropertyRuntime.m in Sources */,
				DE76352C1F17032D00EC26A5 /* NSString+WQSafe.m in Sources */,
				DE0A01661ED2BE490054DD17 /* AppDelegate.m in Sources */,
				2D15B17C1F9A0537007C36F8 /* NSString+WQRegxKit.m in Sources */,
				DE0A01F31ED2BEDA0054DD17 /* WQBaseAPI.m in Sources */,
				DE0A01DF1ED2BEDA0054DD17 /* NSDate+WQHelp.m in Sources */,
				DE39F02F1F15BD880091EB05 /* SubCoderObject.m in Sources */,
				DE0A01E11ED2BEDA0054DD17 /* NSString+WQDate.m in Sources */,
				DE7635301F17049700EC26A5 /* NSNumber+WQFormat.m in Sources */,
				DE0A01EE1ED2BEDA0054DD17 /* RuntimeKit.m in Sources */,
				DE76352D1F17032D00EC26A5 /* NSString+WQSize.m in Sources */,
				DE76352B1F17032D00EC26A5 /* NSString+WQHash.m in Sources */,
				DE0A01E31ED2BEDA0054DD17 /* WQDateFormater.m in Sources */,
				DE0A01EF1ED2BEDA0054DD17 /* WQAppInfo.m in Sources */,
				DE66F56A1EFCEC1A0066282A /* Student.m in Sources */,
				DE0A01631ED2BE490054DD17 /* main.m in Sources */,
				DE35FA7A1F160D88008E9653 /* NSError+WQUtilities.m in Sources */,
				DE0A01EC1ED2BEDA0054DD17 /* WQDynamicObject.m in Sources */,
				DE66F5691EFCEC1A0066282A /* CoderObject.m in Sources */,
				DE0A01E01ED2BEDA0054DD17 /* NSString+WQBridgeFormat.m in Sources */,
				DE0A01DE1ED2BEDA0054DD17 /* NSDate+WQHandle.m in Sources */,
				DE0A016F1ED2BE490054DD17 /* WQBaseDemo.xcdatamodeld in Sources */,
			);
			runOnlyForDeploymentPostprocessing = 0;
		};
/* End PBXSourcesBuildPhase section */

/* Begin PBXVariantGroup section */
		DE0A016A1ED2BE490054DD17 /* Main.storyboard */ = {
			isa = PBXVariantGroup;
			children = (
				DE0A016B1ED2BE490054DD17 /* Base */,
			);
			name = Main.storyboard;
			sourceTree = "<group>";
		};
		DE0A01721ED2BE490054DD17 /* LaunchScreen.storyboard */ = {
			isa = PBXVariantGroup;
			children = (
				DE0A01731ED2BE490054DD17 /* Base */,
			);
			name = LaunchScreen.storyboard;
			sourceTree = "<group>";
		};
/* End PBXVariantGroup section */

/* Begin XCBuildConfiguration section */
		DE0A01761ED2BE490054DD17 /* Debug */ = {
			isa = XCBuildConfiguration;
			buildSettings = {
				ALWAYS_SEARCH_USER_PATHS = NO;
				CLANG_ANALYZER_NONNULL = YES;
				CLANG_ANALYZER_NUMBER_OBJECT_CONVERSION = YES_AGGRESSIVE;
				CLANG_CXX_LANGUAGE_STANDARD = "gnu++0x";
				CLANG_CXX_LIBRARY = "libc++";
				CLANG_ENABLE_MODULES = YES;
				CLANG_ENABLE_OBJC_ARC = YES;
				CLANG_WARN_BOOL_CONVERSION = YES;
				CLANG_WARN_CONSTANT_CONVERSION = YES;
				CLANG_WARN_DIRECT_OBJC_ISA_USAGE = YES_ERROR;
				CLANG_WARN_DOCUMENTATION_COMMENTS = YES;
				CLANG_WARN_EMPTY_BODY = YES;
				CLANG_WARN_ENUM_CONVERSION = YES;
				CLANG_WARN_INFINITE_RECURSION = YES;
				CLANG_WARN_INT_CONVERSION = YES;
				CLANG_WARN_OBJC_ROOT_CLASS = YES_ERROR;
				CLANG_WARN_SUSPICIOUS_MOVE = YES;
				CLANG_WARN_UNREACHABLE_CODE = YES;
				CLANG_WARN__DUPLICATE_METHOD_MATCH = YES;
				"CODE_SIGN_IDENTITY[sdk=iphoneos*]" = "iPhone Developer";
				COPY_PHASE_STRIP = NO;
				DEBUG_INFORMATION_FORMAT = dwarf;
				ENABLE_STRICT_OBJC_MSGSEND = YES;
				ENABLE_TESTABILITY = YES;
				GCC_C_LANGUAGE_STANDARD = gnu99;
				GCC_DYNAMIC_NO_PIC = NO;
				GCC_NO_COMMON_BLOCKS = YES;
				GCC_OPTIMIZATION_LEVEL = 0;
				GCC_PREPROCESSOR_DEFINITIONS = (
					"DEBUG=1",
					"$(inherited)",
				);
				GCC_WARN_64_TO_32_BIT_CONVERSION = YES;
				GCC_WARN_ABOUT_RETURN_TYPE = YES_ERROR;
				GCC_WARN_UNDECLARED_SELECTOR = YES;
				GCC_WARN_UNINITIALIZED_AUTOS = YES_AGGRESSIVE;
				GCC_WARN_UNUSED_FUNCTION = YES;
				GCC_WARN_UNUSED_VARIABLE = YES;
				IPHONEOS_DEPLOYMENT_TARGET = 10.3;
				MTL_ENABLE_DEBUG_INFO = YES;
				ONLY_ACTIVE_ARCH = YES;
				SDKROOT = iphoneos;
			};
			name = Debug;
		};
		DE0A01771ED2BE490054DD17 /* Release */ = {
			isa = XCBuildConfiguration;
			buildSettings = {
				ALWAYS_SEARCH_USER_PATHS = NO;
				CLANG_ANALYZER_NONNULL = YES;
				CLANG_ANALYZER_NUMBER_OBJECT_CONVERSION = YES_AGGRESSIVE;
				CLANG_CXX_LANGUAGE_STANDARD = "gnu++0x";
				CLANG_CXX_LIBRARY = "libc++";
				CLANG_ENABLE_MODULES = YES;
				CLANG_ENABLE_OBJC_ARC = YES;
				CLANG_WARN_BOOL_CONVERSION = YES;
				CLANG_WARN_CONSTANT_CONVERSION = YES;
				CLANG_WARN_DIRECT_OBJC_ISA_USAGE = YES_ERROR;
				CLANG_WARN_DOCUMENTATION_COMMENTS = YES;
				CLANG_WARN_EMPTY_BODY = YES;
				CLANG_WARN_ENUM_CONVERSION = YES;
				CLANG_WARN_INFINITE_RECURSION = YES;
				CLANG_WARN_INT_CONVERSION = YES;
				CLANG_WARN_OBJC_ROOT_CLASS = YES_ERROR;
				CLANG_WARN_SUSPICIOUS_MOVE = YES;
				CLANG_WARN_UNREACHABLE_CODE = YES;
				CLANG_WARN__DUPLICATE_METHOD_MATCH = YES;
				"CODE_SIGN_IDENTITY[sdk=iphoneos*]" = "iPhone Developer";
				COPY_PHASE_STRIP = NO;
				DEBUG_INFORMATION_FORMAT = "dwarf-with-dsym";
				ENABLE_NS_ASSERTIONS = NO;
				ENABLE_STRICT_OBJC_MSGSEND = YES;
				GCC_C_LANGUAGE_STANDARD = gnu99;
				GCC_NO_COMMON_BLOCKS = YES;
				GCC_WARN_64_TO_32_BIT_CONVERSION = YES;
				GCC_WARN_ABOUT_RETURN_TYPE = YES_ERROR;
				GCC_WARN_UNDECLARED_SELECTOR = YES;
				GCC_WARN_UNINITIALIZED_AUTOS = YES_AGGRESSIVE;
				GCC_WARN_UNUSED_FUNCTION = YES;
				GCC_WARN_UNUSED_VARIABLE = YES;
				IPHONEOS_DEPLOYMENT_TARGET = 10.3;
				MTL_ENABLE_DEBUG_INFO = NO;
				SDKROOT = iphoneos;
				VALIDATE_PRODUCT = YES;
			};
			name = Release;
		};
		DE0A01791ED2BE490054DD17 /* Debug */ = {
			isa = XCBuildConfiguration;
			baseConfigurationReference = F27D1777CD2ABD65FC3BDA35 /* Pods-WQBaseDemo.debug.xcconfig */;
			buildSettings = {
				ASSETCATALOG_COMPILER_APPICON_NAME = AppIcon;
				FRAMEWORK_SEARCH_PATHS = "$(inherited)";
				GCC_PREFIX_HEADER = /Users/ggg/Desktop/Components/WQBaseDemo/WQBaseDemo/PrefixHeader.pch;
				HEADER_SEARCH_PATHS = (
					"$(inherited)",
					"\"${PODS_ROOT}/Headers/Public\"",
					"\"${PODS_ROOT}/Headers/Public/AFNetworking\"",
					"\"${PODS_ROOT}/Headers/Public/SDWebImage\"",
				);
				INFOPLIST_FILE = WQBaseDemo/Info.plist;
				IPHONEOS_DEPLOYMENT_TARGET = 8.0;
				LD_RUNPATH_SEARCH_PATHS = "$(inherited) @executable_path/Frameworks";
				LIBRARY_SEARCH_PATHS = "$(inherited)";
				PRODUCT_BUNDLE_IDENTIFIER = WQ.WQBaseDemo;
				PRODUCT_NAME = "$(TARGET_NAME)";
			};
			name = Debug;
		};
		DE0A017A1ED2BE490054DD17 /* Release */ = {
			isa = XCBuildConfiguration;
			baseConfigurationReference = 1CD1B01262C366C99BF48CAB /* Pods-WQBaseDemo.release.xcconfig */;
			buildSettings = {
				ASSETCATALOG_COMPILER_APPICON_NAME = AppIcon;
				FRAMEWORK_SEARCH_PATHS = "$(inherited)";
				GCC_PREFIX_HEADER = /Users/ggg/Desktop/Components/WQBaseDemo/WQBaseDemo/PrefixHeader.pch;
				HEADER_SEARCH_PATHS = (
					"$(inherited)",
					"\"${PODS_ROOT}/Headers/Public\"",
					"\"${PODS_ROOT}/Headers/Public/AFNetworking\"",
					"\"${PODS_ROOT}/Headers/Public/SDWebImage\"",
				);
				INFOPLIST_FILE = WQBaseDemo/Info.plist;
				IPHONEOS_DEPLOYMENT_TARGET = 8.0;
				LD_RUNPATH_SEARCH_PATHS = "$(inherited) @executable_path/Frameworks";
				LIBRARY_SEARCH_PATHS = "$(inherited)";
				PRODUCT_BUNDLE_IDENTIFIER = WQ.WQBaseDemo;
				PRODUCT_NAME = "$(TARGET_NAME)";
			};
			name = Release;
		};
/* End XCBuildConfiguration section */

/* Begin XCConfigurationList section */
		DE0A01591ED2BE490054DD17 /* Build configuration list for PBXProject "WQBaseDemo" */ = {
			isa = XCConfigurationList;
			buildConfigurations = (
				DE0A01761ED2BE490054DD17 /* Debug */,
				DE0A01771ED2BE490054DD17 /* Release */,
			);
			defaultConfigurationIsVisible = 0;
			defaultConfigurationName = Release;
		};
		DE0A01781ED2BE490054DD17 /* Build configuration list for PBXNativeTarget "WQBaseDemo" */ = {
			isa = XCConfigurationList;
			buildConfigurations = (
				DE0A01791ED2BE490054DD17 /* Debug */,
				DE0A017A1ED2BE490054DD17 /* Release */,
			);
			defaultConfigurationIsVisible = 0;
			defaultConfigurationName = Release;
		};
/* End XCConfigurationList section */

/* Begin XCVersionGroup section */
		DE0A016D1ED2BE490054DD17 /* WQBaseDemo.xcdatamodeld */ = {
			isa = XCVersionGroup;
			children = (
				DE0A016E1ED2BE490054DD17 /* WQBaseDemo.xcdatamodel */,
			);
			currentVersion = DE0A016E1ED2BE490054DD17 /* WQBaseDemo.xcdatamodel */;
			path = WQBaseDemo.xcdatamodeld;
			sourceTree = "<group>";
			versionGroupType = wrapper.xcdatamodel;
		};
/* End XCVersionGroup section */
	};
	rootObject = DE0A01561ED2BE490054DD17 /* Project object */;
}
